
Microsoft Visual Studio Solution File, Format Version 12.00
# Visual Studio Version 16
VisualStudioVersion = 16.0.31129.286
MinimumVisualStudioVersion = 10.0.40219.1
Project("{FAE04EC0-301F-11D3-BF4B-00C04F79EFBC}") = "Generics", "Generics\Generics.csproj", "{1520414E-AA5B-485C-9DDA-182CBF9EB708}"
EndProject
Project("{FAE04EC0-301F-11D3-BF4B-00C04F79EFBC}") = "Delegates", "Delegates\Delegates.csproj", "{1A41764C-4E06-4140-AF31-08F8553C3F12}"
EndProject
Global
	GlobalSection(SolutionConfigurationPlatforms) = preSolution
		Debug|Any CPU = Debug|Any CPU
		Release|Any CPU = Release|Any CPU
	EndGlobalSection
	GlobalSection(ProjectConfigurationPlatforms) = postSolution
		{1520414E-AA5B-485C-9DDA-182CBF9EB708}.Debug|Any CPU.ActiveCfg = Debug|Any CPU
		{1520414E-AA5B-485C-9DDA-182CBF9EB708}.Debug|Any CPU.Build.0 = Debug|Any CPU
		{1520414E-AA5B-485C-9DDA-182CBF9EB708}.Release|Any CPU.ActiveCfg = Release|Any CPU
		{1520414E-AA5B-485C-9DDA-182CBF9EB708}.Release|Any CPU.Build.0 = Release|Any CPU
		{1A41764C-4E06-4140-AF31-08F8553C3F12}.Debug|Any CPU.ActiveCfg = Debug|Any CPU
		{1A41764C-4E06-4140-AF31-08F8553C3F12}.Debug|Any CPU.Build.0 = Debug|Any CPU
		{1A41764C-4E06-4140-AF31-08F8553C3F12}.Release|Any CPU.ActiveCfg = Release|Any CPU
		{1A41764C-4E06-4140-AF31-08F8553C3F12}.Release|Any CPU.Build.0 = Release|Any CPU
	EndGlobalSection
	GlobalSection(SolutionProperties) = preSolution
		HideSolutionNode = FALSE
	EndGlobalSection
	GlobalSection(ExtensibilityGlobals) = postSolution
		SolutionGuid = {2E82370F-231E-4578-999A-44785EAD5A0C}
	EndGlobalSection
EndGlobal
